
Microsoft Visual Studio Solution File, Format Version 12.00
# Visual Studio Version 17
VisualStudioVersion = 17.9.34616.47
MinimumVisualStudioVersion = 10.0.40219.1
Project("{2150E333-8FDC-42A3-9474-1A3956D46DE8}") = "src", "src", "{2567918A-53CC-4873-A282-163989B1B9BC}"
EndProject
Project("{D954291E-2A0B-460D-934E-DC6B0785DB48}") = "PongLibrary", "src\PongLibrary\PongLibrary.shproj", "{A0CDBD0E-3A41-42B7-9425-A838BC2C7383}"
EndProject
Project("{FAE04EC0-301F-11D3-BF4B-00C04F79EFBC}") = "Pong.Desktop", "src\Pong.Desktop\Pong.Desktop.csproj", "{190B9718-0542-490D-A78D-2A287D09F68D}"
EndProject
Global
	GlobalSection(SolutionConfigurationPlatforms) = preSolution
		Debug|Any CPU = Debug|Any CPU
		Release|Any CPU = Release|Any CPU
	EndGlobalSection
	GlobalSection(ProjectConfigurationPlatforms) = postSolution
		{190B9718-0542-490D-A78D-2A287D09F68D}.Debug|Any CPU.ActiveCfg = Debug|Any CPU
		{190B9718-0542-490D-A78D-2A287D09F68D}.Debug|Any CPU.Build.0 = Debug|Any CPU
		{190B9718-0542-490D-A78D-2A287D09F68D}.Release|Any CPU.ActiveCfg = Release|Any CPU
		{190B9718-0542-490D-A78D-2A287D09F68D}.Release|Any CPU.Build.0 = Release|Any CPU
	EndGlobalSection
	GlobalSection(SolutionProperties) = preSolution
		HideSolutionNode = FALSE
	EndGlobalSection
	GlobalSection(NestedProjects) = preSolution
		{A0CDBD0E-3A41-42B7-9425-A838BC2C7383} = {2567918A-53CC-4873-A282-163989B1B9BC}
		{190B9718-0542-490D-A78D-2A287D09F68D} = {2567918A-53CC-4873-A282-163989B1B9BC}
	EndGlobalSection
	GlobalSection(ExtensibilityGlobals) = postSolution
		SolutionGuid = {3BD1CFFB-7EC9-4F94-B6F5-143F93C75DDC}
	EndGlobalSection
	GlobalSection(SharedMSBuildProjectFiles) = preSolution
		src\PongLibrary\PongLibrary.projitems*{190b9718-0542-490d-a78d-2a287d09f68d}*SharedItemsImports = 5
		src\PongLibrary\PongLibrary.projitems*{a0cdbd0e-3a41-42b7-9425-a838bc2c7383}*SharedItemsImports = 13
	EndGlobalSection
EndGlobal
